
Microsoft Visual Studio Solution File, Format Version 12.00
# Visual Studio Version 16
VisualStudioVersion = 16.0.30907.101
MinimumVisualStudioVersion = 10.0.40219.1
Project("{FAE04EC0-301F-11D3-BF4B-00C04F79EFBC}") = "Shop_Api", "Shop_Api\Shop_Api.csproj", "{3E79073B-50D8-4125-A83F-CA5FF290E67D}"
EndProject
Project("{FAE04EC0-301F-11D3-BF4B-00C04F79EFBC}") = "Shop_Data", "Shop_Data\Shop_Data.csproj", "{E82D87AC-1E23-49AD-A3AF-9E0D2B9F081A}"
EndProject
Project("{FAE04EC0-301F-11D3-BF4B-00C04F79EFBC}") = "Shop_Service", "Shop_Service\Shop_Service.csproj", "{39865567-9943-4F73-A55E-D7FFF212A1D4}"
EndProject
Project("{FAE04EC0-301F-11D3-BF4B-00C04F79EFBC}") = "Shop_Repository", "Shop_Repository\Shop_Repository.csproj", "{F17ADF9D-5723-4AAE-81DD-7720CF8529AA}"
EndProject
Global
	GlobalSection(SolutionConfigurationPlatforms) = preSolution
		Debug|Any CPU = Debug|Any CPU
		Release|Any CPU = Release|Any CPU
	EndGlobalSection
	GlobalSection(ProjectConfigurationPlatforms) = postSolution
		{3E79073B-50D8-4125-A83F-CA5FF290E67D}.Debug|Any CPU.ActiveCfg = Debug|Any CPU
		{3E79073B-50D8-4125-A83F-CA5FF290E67D}.Debug|Any CPU.Build.0 = Debug|Any CPU
		{3E79073B-50D8-4125-A83F-CA5FF290E67D}.Release|Any CPU.ActiveCfg = Release|Any CPU
		{3E79073B-50D8-4125-A83F-CA5FF290E67D}.Release|Any CPU.Build.0 = Release|Any CPU
		{E82D87AC-1E23-49AD-A3AF-9E0D2B9F081A}.Debug|Any CPU.ActiveCfg = Debug|Any CPU
		{E82D87AC-1E23-49AD-A3AF-9E0D2B9F081A}.Debug|Any CPU.Build.0 = Debug|Any CPU
		{E82D87AC-1E23-49AD-A3AF-9E0D2B9F081A}.Release|Any CPU.ActiveCfg = Release|Any CPU
		{E82D87AC-1E23-49AD-A3AF-9E0D2B9F081A}.Release|Any CPU.Build.0 = Release|Any CPU
		{39865567-9943-4F73-A55E-D7FFF212A1D4}.Debug|Any CPU.ActiveCfg = Debug|Any CPU
		{39865567-9943-4F73-A55E-D7FFF212A1D4}.Debug|Any CPU.Build.0 = Debug|Any CPU
		{39865567-9943-4F73-A55E-D7FFF212A1D4}.Release|Any CPU.ActiveCfg = Release|Any CPU
		{39865567-9943-4F73-A55E-D7FFF212A1D4}.Release|Any CPU.Build.0 = Release|Any CPU
		{F17ADF9D-5723-4AAE-81DD-7720CF8529AA}.Debug|Any CPU.ActiveCfg = Debug|Any CPU
		{F17ADF9D-5723-4AAE-81DD-7720CF8529AA}.Debug|Any CPU.Build.0 = Debug|Any CPU
		{F17ADF9D-5723-4AAE-81DD-7720CF8529AA}.Release|Any CPU.ActiveCfg = Release|Any CPU
		{F17ADF9D-5723-4AAE-81DD-7720CF8529AA}.Release|Any CPU.Build.0 = Release|Any CPU
	EndGlobalSection
	GlobalSection(SolutionProperties) = preSolution
		HideSolutionNode = FALSE
	EndGlobalSection
	GlobalSection(ExtensibilityGlobals) = postSolution
		SolutionGuid = {4CA4E084-8645-41E2-B4E3-2FC7A4671915}
	EndGlobalSection
EndGlobal
